// !$*UTF8*$!
{
	archiveVersion = 1;
	classes = {
	};
	objectVersion = 46;
	objects = {

/* Begin PBXBuildFile section */
		A5346B7C1DF00D400027BE9C /* AppDelegate.swift in Sources */ = {isa = PBXBuildFile; fileRef = A5346B7B1DF00D400027BE9C /* AppDelegate.swift */; };
		A5346B7E1DF00D400027BE9C /* ViewController.swift in Sources */ = {isa = PBXBuildFile; fileRef = A5346B7D1DF00D400027BE9C /* ViewController.swift */; };
		A5346B811DF00D400027BE9C /* Main.storyboard in Resources */ = {isa = PBXBuildFile; fileRef = A5346B7F1DF00D400027BE9C /* Main.storyboard */; };
		A5346B831DF00D400027BE9C /* Assets.xcassets in Resources */ = {isa = PBXBuildFile; fileRef = A5346B821DF00D400027BE9C /* Assets.xcassets */; };
		A5346B861DF00D400027BE9C /* LaunchScreen.storyboard in Resources */ = {isa = PBXBuildFile; fileRef = A5346B841DF00D400027BE9C /* LaunchScreen.storyboard */; };
/* End PBXBuildFile section */

/* Begin PBXFileReference section */
		A5346B781DF00D400027BE9C /* WhereIam.app */ = {isa = PBXFileReference; explicitFileType = wrapper.application; includeInIndex = 0; path = WhereIam.app; sourceTree = BUILT_PRODUCTS_DIR; };
		A5346B7B1DF00D400027BE9C /* AppDelegate.swift */ = {isa = PBXFileReference; lastKnownFileType = sourcecode.swift; path = AppDelegate.swift; sourceTree = "<group>"; };
		A5346B7D1DF00D400027BE9C /* ViewController.swift */ = {isa = PBXFileReference; lastKnownFileType = sourcecode.swift; path = ViewController.swift; sourceTree = "<group>"; };
		A5346B801DF00D400027BE9C /* Base */ = {isa = PBXFileReference; lastKnownFileType = file.storyboard; name = Base; path = Base.lproj/Main.storyboard; sourceTree = "<group>"; };
		A5346B821DF00D400027BE9C /* Assets.xcassets */ = {isa = PBXFileReference; lastKnownFileType = folder.assetcatalog; path = Assets.xcassets; sourceTree = "<group>"; };
		A5346B851DF00D400027BE9C /* Base */ = {isa = PBXFileReference; lastKnownFileType = file.storyboard; name = Base; path = Base.lproj/LaunchScreen.storyboard; sourceTree = "<group>"; };
		A5346B871DF00D400027BE9C /* Info.plist */ = {isa = PBXFileReference; lastKnownFileType = text.plist.xml; path = Info.plist; sourceTree = "<group>"; };
/* End PBXFileReference section */

/* Begin PBXFrameworksBuildPhase section */
		A5346B751DF00D400027BE9C /* Frameworks */ = {
			isa = PBXFrameworksBuildPhase;
			buildActionMask = 2147483647;
			files = (
			);
			runOnlyForDeploymentPostprocessing = 0;
		};
/* End PBXFrameworksBuildPhase section */

/* Begin PBXGroup section */
		A5346B6F1DF00D400027BE9C = {
			isa = PBXGroup;
			children = (
				A5346B7A1DF00D400027BE9C /* WhereIam */,
				A5346B791DF00D400027BE9C /* Products */,
			);
			sourceTree = "<group>";
		};
		A5346B791DF00D400027BE9C /* Products */ = {
			isa = PBXGroup;
			children = (
				A5346B781DF00D400027BE9C /* WhereIam.app */,
			);
			name = Products;
			sourceTree = "<group>";
		};
		A5346B7A1DF00D400027BE9C /* WhereIam */ = {
			isa = PBXGroup;
			children = (
				A5346B7B1DF00D400027BE9C /* AppDelegate.swift */,
				A5346B7D1DF00D400027BE9C /* ViewController.swift */,
				A5346B7F1DF00D400027BE9C /* Main.storyboard */,
				A5346B821DF00D400027BE9C /* Assets.xcassets */,
				A5346B841DF00D400027BE9C /* LaunchScreen.storyboard */,
				A5346B871DF00D400027BE9C /* Info.plist */,
			);
			path = WhereIam;
			sourceTree = "<group>";
		};
/* End PBXGroup section */

/* Begin PBXNativeTarget section */
		A5346B771DF00D400027BE9C /* WhereIam */ = {
			isa = PBXNativeTarget;
			buildConfigurationList = A5346B8A1DF00D400027BE9C /* Build configuration list for PBXNativeTarget "WhereIam" */;
			buildPhases = (
				A5346B741DF00D400027BE9C /* Sources */,
				A5346B751DF00D400027BE9C /* Frameworks */,
				A5346B761DF00D400027BE9C /* Resources */,
			);
			buildRules = (
			);
			dependencies = (
			);
			name = WhereIam;
			productName = WhereIam;
			productReference = A5346B781DF00D400027BE9C /* WhereIam.app */;
			productType = "com.apple.product-type.application";
		};
/* End PBXNativeTarget section */

/* Begin PBXProject section */
		A5346B701DF00D400027BE9C /* Project object */ = {
			isa = PBXProject;
			attributes = {
				LastSwiftUpdateCheck = 0810;
				LastUpgradeCheck = 0810;
				ORGANIZATIONNAME = tben;
				TargetAttributes = {
					A5346B771DF00D400027BE9C = {
						CreatedOnToolsVersion = 8.1;
						DevelopmentTeam = QZ9HJWSALS;
						ProvisioningStyle = Automatic;
					};
				};
			};
			buildConfigurationList = A5346B731DF00D400027BE9C /* Build configuration list for PBXProject "WhereIam" */;
			compatibilityVersion = "Xcode 3.2";
			developmentRegion = English;
			hasScannedForEncodings = 0;
			knownRegions = (
				en,
				Base,
			);
			mainGroup = A5346B6F1DF00D400027BE9C;
			productRefGroup = A5346B791DF00D400027BE9C /* Products */;
			projectDirPath = "";
			projectRoot = "";
			targets = (
				A5346B771DF00D400027BE9C /* WhereIam */,
			);
		};
/* End PBXProject section */

/* Begin PBXResourcesBuildPhase section */
		A5346B761DF00D400027BE9C /* Resources */ = {
			isa = PBXResourcesBuildPhase;
			buildActionMask = 2147483647;
			files = (
				A5346B861DF00D400027BE9C /* LaunchScreen.storyboard in Resources */,
				A5346B831DF00D400027BE9C /* Assets.xcassets in Resources */,
				A5346B811DF00D400027BE9C /* Main.storyboard in Resources */,
			);
			runOnlyForDeploymentPostprocessing = 0;
		};
/* End PBXResourcesBuildPhase section */

/* Begin PBXSourcesBuildPhase section */
		A5346B741DF00D400027BE9C /* Sources */ = {
			isa = PBXSourcesBuildPhase;
			buildActionMask = 2147483647;
			files = (
				A5346B7E1DF00D400027BE9C /* ViewController.swift in Sources */,
				A5346B7C1DF00D400027BE9C /* AppDelegate.swift in Sources */,
			);
			runOnlyForDeploymentPostprocessing = 0;
		};
/* End PBXSourcesBuildPhase section */

/* Begin PBXVariantGroup section */
		A5346B7F1DF00D400027BE9C /* Main.storyboard */ = {
			isa = PBXVariantGroup;
			children = (
				A5346B801DF00D400027BE9C /* Base */,
			);
			name = Main.storyboard;
			sourceTree = "<group>";
		};
		A5346B841DF00D400027BE9C /* LaunchScreen.storyboard */ = {
			isa = PBXVariantGroup;
			children = (
				A5346B851DF00D400027BE9C /* Base */,
			);
			name = LaunchScreen.storyboard;
			sourceTree = "<group>";
		};
/* End PBXVariantGroup section */

/* Begin XCBuildConfiguration section */
		A5346B881DF00D400027BE9C /* Debug */ = {
			isa = XCBuildConfiguration;
			buildSettings = {
				ALWAYS_SEARCH_USER_PATHS = NO;
				CLANG_ANALYZER_NONNULL = YES;
				CLANG_CXX_LANGUAGE_STANDARD = "gnu++0x";
				CLANG_CXX_LIBRARY = "libc++";
				CLANG_ENABLE_MODULES = YES;
				CLANG_ENABLE_OBJC_ARC = YES;
				CLANG_WARN_BOOL_CONVERSION = YES;
				CLANG_WARN_CONSTANT_CONVERSION = YES;
				CLANG_WARN_DIRECT_OBJC_ISA_USAGE = YES_ERROR;
				CLANG_WARN_DOCUMENTATION_COMMENTS = YES;
				CLANG_WARN_EMPTY_BODY = YES;
				CLANG_WARN_ENUM_CONVERSION = YES;
				CLANG_WARN_INFINITE_RECURSION = YES;
				CLANG_WARN_INT_CONVERSION = YES;
				CLANG_WARN_OBJC_ROOT_CLASS = YES_ERROR;
				CLANG_WARN_SUSPICIOUS_MOVES = YES;
				CLANG_WARN_UNREACHABLE_CODE = YES;
				CLANG_WARN__DUPLICATE_METHOD_MATCH = YES;
				"CODE_SIGN_IDENTITY[sdk=iphoneos*]" = "iPhone Developer";
				COPY_PHASE_STRIP = NO;
				DEBUG_INFORMATION_FORMAT = dwarf;
				ENABLE_STRICT_OBJC_MSGSEND = YES;
				ENABLE_TESTABILITY = YES;
				GCC_C_LANGUAGE_STANDARD = gnu99;
				GCC_DYNAMIC_NO_PIC = NO;
				GCC_NO_COMMON_BLOCKS = YES;
				GCC_OPTIMIZATION_LEVEL = 0;
				GCC_PREPROCESSOR_DEFINITIONS = (
					"DEBUG=1",
					"$(inherited)",
				);
				GCC_WARN_64_TO_32_BIT_CONVERSION = YES;
				GCC_WARN_ABOUT_RETURN_TYPE = YES_ERROR;
				GCC_WARN_UNDECLARED_SELECTOR = YES;
				GCC_WARN_UNINITIALIZED_AUTOS = YES_AGGRESSIVE;
				GCC_WARN_UNUSED_FUNCTION = YES;
				GCC_WARN_UNUSED_VARIABLE = YES;
				IPHONEOS_DEPLOYMENT_TARGET = 10.1;
				MTL_ENABLE_DEBUG_INFO = YES;
				ONLY_ACTIVE_ARCH = YES;
				SDKROOT = iphoneos;
				SWIFT_ACTIVE_COMPILATION_CONDITIONS = DEBUG;
				SWIFT_OPTIMIZATION_LEVEL = "-Onone";
			};
			name = Debug;
		};
		A5346B891DF00D400027BE9C /* Release */ = {
			isa = XCBuildConfiguration;
			buildSettings = {
				ALWAYS_SEARCH_USER_PATHS = NO;
				CLANG_ANALYZER_NONNULL = YES;
				CLANG_CXX_LANGUAGE_STANDARD = "gnu++0x";
				CLANG_CXX_LIBRARY = "libc++";
				CLANG_ENABLE_MODULES = YES;
				CLANG_ENABLE_OBJC_ARC = YES;
				CLANG_WARN_BOOL_CONVERSION = YES;
				CLANG_WARN_CONSTANT_CONVERSION = YES;
				CLANG_WARN_DIRECT_OBJC_ISA_USAGE = YES_ERROR;
				CLANG_WARN_DOCUMENTATION_COMMENTS = YES;
				CLANG_WARN_EMPTY_BODY = YES;
				CLANG_WARN_ENUM_CONVERSION = YES;
				CLANG_WARN_INFINITE_RECURSION = YES;
				CLANG_WARN_INT_CONVERSION = YES;
				CLANG_WARN_OBJC_ROOT_CLASS = YES_ERROR;
				CLANG_WARN_SUSPICIOUS_MOVES = YES;
				CLANG_WARN_UNREACHABLE_CODE = YES;
				CLANG_WARN__DUPLICATE_METHOD_MATCH = YES;
				"CODE_SIGN_IDENTITY[sdk=iphoneos*]" = "iPhone Developer";
				COPY_PHASE_STRIP = NO;
				DEBUG_INFORMATION_FORMAT = "dwarf-with-dsym";
				ENABLE_NS_ASSERTIONS = NO;
				ENABLE_STRICT_OBJC_MSGSEND = YES;
				GCC_C_LANGUAGE_STANDARD = gnu99;
				GCC_NO_COMMON_BLOCKS = YES;
				GCC_WARN_64_TO_32_BIT_CONVERSION = YES;
				GCC_WARN_ABOUT_RETURN_TYPE = YES_ERROR;
				GCC_WARN_UNDECLARED_SELECTOR = YES;
				GCC_WARN_UNINITIALIZED_AUTOS = YES_AGGRESSIVE;
				GCC_WARN_UNUSED_FUNCTION = YES;
				GCC_WARN_UNUSED_VARIABLE = YES;
				IPHONEOS_DEPLOYMENT_TARGET = 10.1;
				MTL_ENABLE_DEBUG_INFO = NO;
				SDKROOT = iphoneos;
				SWIFT_OPTIMIZATION_LEVEL = "-Owholemodule";
				VALIDATE_PRODUCT = YES;
			};
			name = Release;
		};
		A5346B8B1DF00D400027BE9C /* Debug */ = {
			isa = XCBuildConfiguration;
			buildSettings = {
				ASSETCATALOG_COMPILER_APPICON_NAME = AppIcon;
				DEVELOPMENT_TEAM = QZ9HJWSALS;
				INFOPLIST_FILE = WhereIam/Info.plist;
				LD_RUNPATH_SEARCH_PATHS = "$(inherited) @executable_path/Frameworks";
				PRODUCT_BUNDLE_IDENTIFIER = net.tben.WhereIam;
				PRODUCT_NAME = "$(TARGET_NAME)";
				SWIFT_VERSION = 3.0;
			};
			name = Debug;
		};
		A5346B8C1DF00D400027BE9C /* Release */ = {
			isa = XCBuildConfiguration;
			buildSettings = {
				ASSETCATALOG_COMPILER_APPICON_NAME = AppIcon;
				DEVELOPMENT_TEAM = QZ9HJWSALS;
				INFOPLIST_FILE = WhereIam/Info.plist;
				LD_RUNPATH_SEARCH_PATHS = "$(inherited) @executable_path/Frameworks";
				PRODUCT_BUNDLE_IDENTIFIER = net.tben.WhereIam;
				PRODUCT_NAME = "$(TARGET_NAME)";
				SWIFT_VERSION = 3.0;
			};
			name = Release;
		};
/* End XCBuildConfiguration section */

/* Begin XCConfigurationList section */
		A5346B731DF00D400027BE9C /* Build configuration list for PBXProject "WhereIam" */ = {
			isa = XCConfigurationList;
			buildConfigurations = (
				A5346B881DF00D400027BE9C /* Debug */,
				A5346B891DF00D400027BE9C /* Release */,
			);
			defaultConfigurationIsVisible = 0;
			defaultConfigurationName = Release;
		};
		A5346B8A1DF00D400027BE9C /* Build configuration list for PBXNativeTarget "WhereIam" */ = {
			isa = XCConfigurationList;
			buildConfigurations = (
				A5346B8B1DF00D400027BE9C /* Debug */,
				A5346B8C1DF00D400027BE9C /* Release */,
			);
			defaultConfigurationIsVisible = 0;
		};
/* End XCConfigurationList section */
	};
	rootObject = A5346B701DF00D400027BE9C /* Project object */;
}
